
Microsoft Visual Studio Solution File, Format Version 12.00
# Visual Studio Version 17
VisualStudioVersion = 17.9.34728.123
MinimumVisualStudioVersion = 10.0.40219.1
Project("{FAE04EC0-301F-11D3-BF4B-00C04F79EFBC}") = "OrdenadoresObdulioDecoradorC", "OrdenadoresObdulioDecoradorC\OrdenadoresObdulioDecoradorC.csproj", "{F24321D3-20FD-4411-AB67-D82CB0FD8859}"
EndProject
Global
	GlobalSection(SolutionConfigurationPlatforms) = preSolution
		Debug|Any CPU = Debug|Any CPU
		Release|Any CPU = Release|Any CPU
	EndGlobalSection
	GlobalSection(ProjectConfigurationPlatforms) = postSolution
		{F24321D3-20FD-4411-AB67-D82CB0FD8859}.Debug|Any CPU.ActiveCfg = Debug|Any CPU
		{F24321D3-20FD-4411-AB67-D82CB0FD8859}.Debug|Any CPU.Build.0 = Debug|Any CPU
		{F24321D3-20FD-4411-AB67-D82CB0FD8859}.Release|Any CPU.ActiveCfg = Release|Any CPU
		{F24321D3-20FD-4411-AB67-D82CB0FD8859}.Release|Any CPU.Build.0 = Release|Any CPU
	EndGlobalSection
	GlobalSection(SolutionProperties) = preSolution
		HideSolutionNode = FALSE
	EndGlobalSection
	GlobalSection(ExtensibilityGlobals) = postSolution
		SolutionGuid = {E5407B44-180B-4619-A85D-401EEF752B14}
	EndGlobalSection
EndGlobal
